
Microsoft Visual Studio Solution File, Format Version 12.00
# Visual Studio Version 17
VisualStudioVersion = 17.4.33213.308
MinimumVisualStudioVersion = 10.0.40219.1
Project("{9A19103F-16F7-4668-BE54-9A1E7A4F7556}") = "EF.Course.Win", "EF.Course.Win\EF.Course.Win.csproj", "{393C22D1-BE9A-4AA3-B594-0DC34C06E1B7}"
EndProject
Project("{9A19103F-16F7-4668-BE54-9A1E7A4F7556}") = "EF.Course.Orm", "EF.Course.Orm\EF.Course.Orm.csproj", "{1B572366-440B-413C-8C36-D6D6E03B9597}"
EndProject
Project("{9A19103F-16F7-4668-BE54-9A1E7A4F7556}") = "EF.Course.Model", "EF.Course.Model\EF.Course.Model.csproj", "{499F67E9-72E6-4D4F-B94C-3A0294D59E80}"
EndProject
Global
	GlobalSection(SolutionConfigurationPlatforms) = preSolution
		Debug|Any CPU = Debug|Any CPU
		Release|Any CPU = Release|Any CPU
	EndGlobalSection
	GlobalSection(ProjectConfigurationPlatforms) = postSolution
		{393C22D1-BE9A-4AA3-B594-0DC34C06E1B7}.Debug|Any CPU.ActiveCfg = Debug|Any CPU
		{393C22D1-BE9A-4AA3-B594-0DC34C06E1B7}.Debug|Any CPU.Build.0 = Debug|Any CPU
		{393C22D1-BE9A-4AA3-B594-0DC34C06E1B7}.Release|Any CPU.ActiveCfg = Release|Any CPU
		{393C22D1-BE9A-4AA3-B594-0DC34C06E1B7}.Release|Any CPU.Build.0 = Release|Any CPU
		{1B572366-440B-413C-8C36-D6D6E03B9597}.Debug|Any CPU.ActiveCfg = Debug|Any CPU
		{1B572366-440B-413C-8C36-D6D6E03B9597}.Debug|Any CPU.Build.0 = Debug|Any CPU
		{1B572366-440B-413C-8C36-D6D6E03B9597}.Release|Any CPU.ActiveCfg = Release|Any CPU
		{1B572366-440B-413C-8C36-D6D6E03B9597}.Release|Any CPU.Build.0 = Release|Any CPU
		{499F67E9-72E6-4D4F-B94C-3A0294D59E80}.Debug|Any CPU.ActiveCfg = Debug|Any CPU
		{499F67E9-72E6-4D4F-B94C-3A0294D59E80}.Debug|Any CPU.Build.0 = Debug|Any CPU
		{499F67E9-72E6-4D4F-B94C-3A0294D59E80}.Release|Any CPU.ActiveCfg = Release|Any CPU
		{499F67E9-72E6-4D4F-B94C-3A0294D59E80}.Release|Any CPU.Build.0 = Release|Any CPU
	EndGlobalSection
	GlobalSection(SolutionProperties) = preSolution
		HideSolutionNode = FALSE
	EndGlobalSection
	GlobalSection(ExtensibilityGlobals) = postSolution
		SolutionGuid = {2DA7B5CA-0CAC-46E8-807F-79AE49BC80A3}
	EndGlobalSection
EndGlobal
